
Microsoft Visual Studio Solution File, Format Version 12.00
# Visual Studio 15
VisualStudioVersion = 15.0.26430.14
MinimumVisualStudioVersion = 10.0.40219.1
Project("{2150E333-8FDC-42A3-9474-1A3956D46DE8}") = "Class", "Class", "{69E172C4-C41E-49E1-80A7-9F011CA76C8B}"
EndProject
Project("{2150E333-8FDC-42A3-9474-1A3956D46DE8}") = "Assignments", "Assignments", "{EE0E027C-366F-4685-94D5-0EA5F6870B1B}"
EndProject
Project("{2150E333-8FDC-42A3-9474-1A3956D46DE8}") = "Exercises", "Exercises", "{78C06654-E155-40A8-97F7-7BA1E50977C5}"
EndProject
Project("{2150E333-8FDC-42A3-9474-1A3956D46DE8}") = "Other", "Other", "{A586CAA1-C864-488E-8301-D374FFD607C9}"
EndProject
Project("{2150E333-8FDC-42A3-9474-1A3956D46DE8}") = "Framework", "Framework", "{A8C5934B-38F4-49D4-A0E2-9A8F3F2945D3}"
EndProject
Project("{8BC9CEB8-8B4A-11D0-8D11-00A0C91BC942}") = "BasicX", "BasicX\BasicX.vcxproj", "{E745E25C-0143-42AC-A486-1395A4C972AE}"
EndProject
Project("{8BC9CEB8-8B4A-11D0-8D11-00A0C91BC942}") = "C10_MeshClass", "C10_MeshClass\C10_MeshClass.vcxproj", "{C76AC833-06E7-4E6A-A097-83568F4930BE}"
EndProject
Project("{8BC9CEB8-8B4A-11D0-8D11-00A0C91BC942}") = "C13_Rotations", "C13_Rotations\C13_Rotations.vcxproj", "{8C11DBDA-D14E-43F4-8F33-C2206969681C}"
EndProject
Project("{8BC9CEB8-8B4A-11D0-8D11-00A0C91BC942}") = "C14_Quaternions", "C14_Quaternions\C14_Quaternions.vcxproj", "{1F43F357-3BBA-4A90-ABCC-A13ABFAE85B0}"
EndProject
Project("{8BC9CEB8-8B4A-11D0-8D11-00A0C91BC942}") = "C16_ManagersAndInstancing", "C16_ManagersAndInstancing\C16_ManagersAndInstancing.vcxproj", "{8A69A84C-1395-4519-BFEA-A63FF0152003}"
EndProject
Project("{8BC9CEB8-8B4A-11D0-8D11-00A0C91BC942}") = "C17_RigidBodyPt3", "C17_RigidBodyPt3\C17_RigidBodyPt3.vcxproj", "{4FA51D19-8EF4-4B71-A2CB-557B075ED3B5}"
EndProject
Project("{8BC9CEB8-8B4A-11D0-8D11-00A0C91BC942}") = "C18_SAT(outcome)", "C18_SAT(outcome)\C18_SAT(outcome).vcxproj", "{1DE3FADD-3B5E-4D01-A0EF-58D207A1C1DD}"
EndProject
Project("{8BC9CEB8-8B4A-11D0-8D11-00A0C91BC942}") = "C19_Entity", "C19_Entity\C19_Entity.vcxproj", "{4B4B19F6-D848-4668-B938-F0686EB12F9A}"
EndProject
Project("{8BC9CEB8-8B4A-11D0-8D11-00A0C91BC942}") = "C20_EntityManager", "C20_EntityManager\C20_EntityManager.vcxproj", "{B29A7F3F-25ED-41BB-93DB-A79A918FAFDC}"
EndProject
Project("{8BC9CEB8-8B4A-11D0-8D11-00A0C91BC942}") = "C21_SpatialOptimizationPt1", "C21_SpatialOptimizationPt1\C21_SpatialOptimizationPt1.vcxproj", "{844D5FBC-A0E8-446D-AF24-7B6FAD8FD713}"
EndProject
Project("{8BC9CEB8-8B4A-11D0-8D11-00A0C91BC942}") = "C21_SpatialOptimizationPt2", "C21_SpatialOptimizationPt2\C21_SpatialOptimizationPt2.vcxproj", "{AA74BEEF-2484-4B8A-A9F4-ACB122220189}"
EndProject
Project("{8BC9CEB8-8B4A-11D0-8D11-00A0C91BC942}") = "C22_Physics", "C22_Physics\C22_Physics.vcxproj", "{58CB6636-1057-466F-AB91-BADB3395421A}"
EndProject
Project("{8BC9CEB8-8B4A-11D0-8D11-00A0C91BC942}") = "VariableApplication", "VariableApplication\VariableApplication.vcxproj", "{34D8E51C-8BFB-4316-8048-234C3FD966D1}"
	ProjectSection(ProjectDependencies) = postProject
		{E745E25C-0143-42AC-A486-1395A4C972AE} = {E745E25C-0143-42AC-A486-1395A4C972AE}
	EndProjectSection
EndProject
Project("{8BC9CEB8-8B4A-11D0-8D11-00A0C91BC942}") = "01_Playgroud", "01_Playgroud\01_Playgroud.vcxproj", "{BE52867A-92EA-479A-9F73-1E96168F9A7B}"
EndProject
Project("{8BC9CEB8-8B4A-11D0-8D11-00A0C91BC942}") = "00_Sandbox", "00_Sandbox\00_Sandbox.vcxproj", "{BB29A203-127B-46E9-A5B3-925715D5AA34}"
EndProject
Project("{8BC9CEB8-8B4A-11D0-8D11-00A0C91BC942}") = "A03 - Camera", "A03 - Camera\A03 - Camera.vcxproj", "{08A11DA8-4582-4AE0-90FE-929F44487E65}"
EndProject
Project("{8BC9CEB8-8B4A-11D0-8D11-00A0C91BC942}") = "A05 - Octree", "A05 - Octree\A05 - Octree.vcxproj", "{44D2C07B-798D-461B-9019-DFB240593888}"
EndProject
Project("{8BC9CEB8-8B4A-11D0-8D11-00A0C91BC942}") = "E10 - EntityManager", "E10 - EntityManager\E10 - EntityManager.vcxproj", "{870B329D-6DED-48D2-8E86-0893E3BB8DAB}"
EndProject
Project("{8BC9CEB8-8B4A-11D0-8D11-00A0C91BC942}") = "WoodenLabyrinth", "WoodenLabyrinth\WoodenLabyrinth.vcxproj", "{83FE3AEA-8E81-4D18-B3B3-0392C4B1179B}"
EndProject
Global
	GlobalSection(SolutionConfigurationPlatforms) = preSolution
		Debug|x86 = Debug|x86
		Release|x86 = Release|x86
	EndGlobalSection
	GlobalSection(ProjectConfigurationPlatforms) = postSolution
		{E745E25C-0143-42AC-A486-1395A4C972AE}.Debug|x86.ActiveCfg = Debug|Win32
		{E745E25C-0143-42AC-A486-1395A4C972AE}.Debug|x86.Build.0 = Debug|Win32
		{E745E25C-0143-42AC-A486-1395A4C972AE}.Debug|x86.Deploy.0 = Debug|Win32
		{E745E25C-0143-42AC-A486-1395A4C972AE}.Release|x86.ActiveCfg = Release|Win32
		{E745E25C-0143-42AC-A486-1395A4C972AE}.Release|x86.Build.0 = Release|Win32
		{E745E25C-0143-42AC-A486-1395A4C972AE}.Release|x86.Deploy.0 = Release|Win32
		{C76AC833-06E7-4E6A-A097-83568F4930BE}.Debug|x86.ActiveCfg = Debug|Win32
		{C76AC833-06E7-4E6A-A097-83568F4930BE}.Debug|x86.Build.0 = Debug|Win32
		{C76AC833-06E7-4E6A-A097-83568F4930BE}.Release|x86.ActiveCfg = Release|Win32
		{C76AC833-06E7-4E6A-A097-83568F4930BE}.Release|x86.Build.0 = Release|Win32
		{8C11DBDA-D14E-43F4-8F33-C2206969681C}.Debug|x86.ActiveCfg = Debug|Win32
		{8C11DBDA-D14E-43F4-8F33-C2206969681C}.Debug|x86.Build.0 = Debug|Win32
		{8C11DBDA-D14E-43F4-8F33-C2206969681C}.Release|x86.ActiveCfg = Release|Win32
		{8C11DBDA-D14E-43F4-8F33-C2206969681C}.Release|x86.Build.0 = Release|Win32
		{1F43F357-3BBA-4A90-ABCC-A13ABFAE85B0}.Debug|x86.ActiveCfg = Debug|Win32
		{1F43F357-3BBA-4A90-ABCC-A13ABFAE85B0}.Debug|x86.Build.0 = Debug|Win32
		{1F43F357-3BBA-4A90-ABCC-A13ABFAE85B0}.Release|x86.ActiveCfg = Release|Win32
		{1F43F357-3BBA-4A90-ABCC-A13ABFAE85B0}.Release|x86.Build.0 = Release|Win32
		{8A69A84C-1395-4519-BFEA-A63FF0152003}.Debug|x86.ActiveCfg = Debug|Win32
		{8A69A84C-1395-4519-BFEA-A63FF0152003}.Debug|x86.Build.0 = Debug|Win32
		{8A69A84C-1395-4519-BFEA-A63FF0152003}.Release|x86.ActiveCfg = Release|Win32
		{8A69A84C-1395-4519-BFEA-A63FF0152003}.Release|x86.Build.0 = Release|Win32
		{4FA51D19-8EF4-4B71-A2CB-557B075ED3B5}.Debug|x86.ActiveCfg = Debug|Win32
		{4FA51D19-8EF4-4B71-A2CB-557B075ED3B5}.Debug|x86.Build.0 = Debug|Win32
		{4FA51D19-8EF4-4B71-A2CB-557B075ED3B5}.Release|x86.ActiveCfg = Release|Win32
		{4FA51D19-8EF4-4B71-A2CB-557B075ED3B5}.Release|x86.Build.0 = Release|Win32
		{1DE3FADD-3B5E-4D01-A0EF-58D207A1C1DD}.Debug|x86.ActiveCfg = Debug|Win32
		{1DE3FADD-3B5E-4D01-A0EF-58D207A1C1DD}.Debug|x86.Build.0 = Debug|Win32
		{1DE3FADD-3B5E-4D01-A0EF-58D207A1C1DD}.Release|x86.ActiveCfg = Release|Win32
		{1DE3FADD-3B5E-4D01-A0EF-58D207A1C1DD}.Release|x86.Build.0 = Release|Win32
		{4B4B19F6-D848-4668-B938-F0686EB12F9A}.Debug|x86.ActiveCfg = Debug|Win32
		{4B4B19F6-D848-4668-B938-F0686EB12F9A}.Debug|x86.Build.0 = Debug|Win32
		{4B4B19F6-D848-4668-B938-F0686EB12F9A}.Release|x86.ActiveCfg = Release|Win32
		{4B4B19F6-D848-4668-B938-F0686EB12F9A}.Release|x86.Build.0 = Release|Win32
		{B29A7F3F-25ED-41BB-93DB-A79A918FAFDC}.Debug|x86.ActiveCfg = Debug|Win32
		{B29A7F3F-25ED-41BB-93DB-A79A918FAFDC}.Debug|x86.Build.0 = Debug|Win32
		{B29A7F3F-25ED-41BB-93DB-A79A918FAFDC}.Release|x86.ActiveCfg = Release|Win32
		{B29A7F3F-25ED-41BB-93DB-A79A918FAFDC}.Release|x86.Build.0 = Release|Win32
		{844D5FBC-A0E8-446D-AF24-7B6FAD8FD713}.Debug|x86.ActiveCfg = Debug|Win32
		{844D5FBC-A0E8-446D-AF24-7B6FAD8FD713}.Debug|x86.Build.0 = Debug|Win32
		{844D5FBC-A0E8-446D-AF24-7B6FAD8FD713}.Release|x86.ActiveCfg = Release|Win32
		{844D5FBC-A0E8-446D-AF24-7B6FAD8FD713}.Release|x86.Build.0 = Release|Win32
		{AA74BEEF-2484-4B8A-A9F4-ACB122220189}.Debug|x86.ActiveCfg = Debug|Win32
		{AA74BEEF-2484-4B8A-A9F4-ACB122220189}.Debug|x86.Build.0 = Debug|Win32
		{AA74BEEF-2484-4B8A-A9F4-ACB122220189}.Release|x86.ActiveCfg = Release|Win32
		{AA74BEEF-2484-4B8A-A9F4-ACB122220189}.Release|x86.Build.0 = Release|Win32
		{58CB6636-1057-466F-AB91-BADB3395421A}.Debug|x86.ActiveCfg = Debug|Win32
		{58CB6636-1057-466F-AB91-BADB3395421A}.Debug|x86.Build.0 = Debug|Win32
		{58CB6636-1057-466F-AB91-BADB3395421A}.Release|x86.ActiveCfg = Release|Win32
		{58CB6636-1057-466F-AB91-BADB3395421A}.Release|x86.Build.0 = Release|Win32
		{34D8E51C-8BFB-4316-8048-234C3FD966D1}.Debug|x86.ActiveCfg = Debug|Win32
		{34D8E51C-8BFB-4316-8048-234C3FD966D1}.Debug|x86.Build.0 = Debug|Win32
		{34D8E51C-8BFB-4316-8048-234C3FD966D1}.Release|x86.ActiveCfg = Release|Win32
		{34D8E51C-8BFB-4316-8048-234C3FD966D1}.Release|x86.Build.0 = Release|Win32
		{BE52867A-92EA-479A-9F73-1E96168F9A7B}.Debug|x86.ActiveCfg = Debug|Win32
		{BE52867A-92EA-479A-9F73-1E96168F9A7B}.Debug|x86.Build.0 = Debug|Win32
		{BE52867A-92EA-479A-9F73-1E96168F9A7B}.Release|x86.ActiveCfg = Release|Win32
		{BE52867A-92EA-479A-9F73-1E96168F9A7B}.Release|x86.Build.0 = Release|Win32
		{BB29A203-127B-46E9-A5B3-925715D5AA34}.Debug|x86.ActiveCfg = Debug|Win32
		{BB29A203-127B-46E9-A5B3-925715D5AA34}.Debug|x86.Build.0 = Debug|Win32
		{BB29A203-127B-46E9-A5B3-925715D5AA34}.Release|x86.ActiveCfg = Release|Win32
		{BB29A203-127B-46E9-A5B3-925715D5AA34}.Release|x86.Build.0 = Release|Win32
		{08A11DA8-4582-4AE0-90FE-929F44487E65}.Debug|x86.ActiveCfg = Debug|Win32
		{08A11DA8-4582-4AE0-90FE-929F44487E65}.Debug|x86.Build.0 = Debug|Win32
		{08A11DA8-4582-4AE0-90FE-929F44487E65}.Release|x86.ActiveCfg = Release|Win32
		{08A11DA8-4582-4AE0-90FE-929F44487E65}.Release|x86.Build.0 = Release|Win32
		{44D2C07B-798D-461B-9019-DFB240593888}.Debug|x86.ActiveCfg = Debug|Win32
		{44D2C07B-798D-461B-9019-DFB240593888}.Debug|x86.Build.0 = Debug|Win32
		{44D2C07B-798D-461B-9019-DFB240593888}.Release|x86.ActiveCfg = Release|Win32
		{44D2C07B-798D-461B-9019-DFB240593888}.Release|x86.Build.0 = Release|Win32
		{870B329D-6DED-48D2-8E86-0893E3BB8DAB}.Debug|x86.ActiveCfg = Debug|Win32
		{870B329D-6DED-48D2-8E86-0893E3BB8DAB}.Debug|x86.Build.0 = Debug|Win32
		{870B329D-6DED-48D2-8E86-0893E3BB8DAB}.Release|x86.ActiveCfg = Release|Win32
		{870B329D-6DED-48D2-8E86-0893E3BB8DAB}.Release|x86.Build.0 = Release|Win32
		{83FE3AEA-8E81-4D18-B3B3-0392C4B1179B}.Debug|x86.ActiveCfg = Debug|Win32
		{83FE3AEA-8E81-4D18-B3B3-0392C4B1179B}.Debug|x86.Build.0 = Debug|Win32
		{83FE3AEA-8E81-4D18-B3B3-0392C4B1179B}.Release|x86.ActiveCfg = Release|Win32
		{83FE3AEA-8E81-4D18-B3B3-0392C4B1179B}.Release|x86.Build.0 = Release|Win32
	EndGlobalSection
	GlobalSection(SolutionProperties) = preSolution
		HideSolutionNode = FALSE
	EndGlobalSection
	GlobalSection(NestedProjects) = preSolution
		{E745E25C-0143-42AC-A486-1395A4C972AE} = {A8C5934B-38F4-49D4-A0E2-9A8F3F2945D3}
		{C76AC833-06E7-4E6A-A097-83568F4930BE} = {69E172C4-C41E-49E1-80A7-9F011CA76C8B}
		{8C11DBDA-D14E-43F4-8F33-C2206969681C} = {69E172C4-C41E-49E1-80A7-9F011CA76C8B}
		{1F43F357-3BBA-4A90-ABCC-A13ABFAE85B0} = {69E172C4-C41E-49E1-80A7-9F011CA76C8B}
		{8A69A84C-1395-4519-BFEA-A63FF0152003} = {69E172C4-C41E-49E1-80A7-9F011CA76C8B}
		{4FA51D19-8EF4-4B71-A2CB-557B075ED3B5} = {69E172C4-C41E-49E1-80A7-9F011CA76C8B}
		{1DE3FADD-3B5E-4D01-A0EF-58D207A1C1DD} = {69E172C4-C41E-49E1-80A7-9F011CA76C8B}
		{4B4B19F6-D848-4668-B938-F0686EB12F9A} = {69E172C4-C41E-49E1-80A7-9F011CA76C8B}
		{B29A7F3F-25ED-41BB-93DB-A79A918FAFDC} = {69E172C4-C41E-49E1-80A7-9F011CA76C8B}
		{844D5FBC-A0E8-446D-AF24-7B6FAD8FD713} = {69E172C4-C41E-49E1-80A7-9F011CA76C8B}
		{AA74BEEF-2484-4B8A-A9F4-ACB122220189} = {69E172C4-C41E-49E1-80A7-9F011CA76C8B}
		{58CB6636-1057-466F-AB91-BADB3395421A} = {69E172C4-C41E-49E1-80A7-9F011CA76C8B}
		{34D8E51C-8BFB-4316-8048-234C3FD966D1} = {A586CAA1-C864-488E-8301-D374FFD607C9}
		{BE52867A-92EA-479A-9F73-1E96168F9A7B} = {A586CAA1-C864-488E-8301-D374FFD607C9}
		{BB29A203-127B-46E9-A5B3-925715D5AA34} = {A586CAA1-C864-488E-8301-D374FFD607C9}
		{08A11DA8-4582-4AE0-90FE-929F44487E65} = {EE0E027C-366F-4685-94D5-0EA5F6870B1B}
		{44D2C07B-798D-461B-9019-DFB240593888} = {EE0E027C-366F-4685-94D5-0EA5F6870B1B}
		{870B329D-6DED-48D2-8E86-0893E3BB8DAB} = {78C06654-E155-40A8-97F7-7BA1E50977C5}
	EndGlobalSection
	GlobalSection(ExtensibilityGlobals) = postSolution
		SolutionGuid = {A36545A6-DAAA-4856-BDB7-57C29F88BC6B}
	EndGlobalSection
EndGlobal
